<?xml version="1.0" encoding="utf-8"?>
<Project ToolsVersion="4.0" xmlns="http://schemas.microsoft.com/developer/msbuild/2003">
  <ItemGroup>
    <Filter Include="Source">
      <UniqueIdentifier>{4FC737F1-C7A5-4376-A066-2A32D752A2FF}</UniqueIdentifier>
      <Extensions>cpp;c;cc;cxx;def;odl;idl;hpj;bat;asm;asmx</Extensions>
    </Filter>
    <Filter Include="Header">
      <UniqueIdentifier>{93995380-89BD-4b04-88EB-625FBE52EBFB}</UniqueIdentifier>
      <Extensions>h;hpp;hxx;hm;inl;inc;xsd</Extensions>
    </Filter>
    <Filter Include="Resource">
      <UniqueIdentifier>{67DA6AB6-F800-4c08-8B7A-83BB121AAD01}</UniqueIdentifier>
      <Extensions>rc;ico;cur;bmp;dlg;rc2;rct;bin;rgs;gif;jpg;jpeg;jpe;resx;tiff;tif;png;wav</Extensions>
    </Filter>
    <Filter Include="_i">
      <UniqueIdentifier>{e67b028d-a687-4f32-8bf3-97ba9200880e}</UniqueIdentifier>
    </Filter>
  </ItemGroup>
  <ItemGroup>
    <ClCompile Include="dllmain.cpp">
      <Filter>Source</Filter>
    </ClCompile>
    <ClCompile Include="ShellExt.cpp">
      <Filter>Source</Filter>
    </ClCompile>
    <ClCompile Include="stdafx.cpp">
      <Filter>Source</Filter>
    </ClCompile>
    <ClCompile Include="zShellExt.cpp">
      <Filter>Source</Filter>
    </ClCompile>
    <ClCompile Include="zShellExt_i.c">
      <Filter>_i</Filter>
    </ClCompile>
  </ItemGroup>
  <ItemGroup>
    <None Include="zShellExt.def">
      <Filter>Source</Filter>
    </None>
    <None Include="ShellExt.rgs">
      <Filter>Resource</Filter>
    </None>
    <None Include="zShellExt.rgs">
      <Filter>Resource</Filter>
    </None>
  </ItemGroup>
  <ItemGroup>
    <Midl Include="zShellExt.idl">
      <Filter>Source</Filter>
    </Midl>
  </ItemGroup>
  <ItemGroup>
    <ClInclude Include="dllmain.h">
      <Filter>Header</Filter>
    </ClInclude>
    <ClInclude Include="Resource.h">
      <Filter>Header</Filter>
    </ClInclude>
    <ClInclude Include="ShellExt.h">
      <Filter>Header</Filter>
    </ClInclude>
    <ClInclude Include="stdafx.h">
      <Filter>Header</Filter>
    </ClInclude>
    <ClInclude Include="targetver.h">
      <Filter>Header</Filter>
    </ClInclude>
    <ClInclude Include="zShellExt_i.h">
      <Filter>_i</Filter>
    </ClInclude>
  </ItemGroup>
  <ItemGroup>
    <ResourceCompile Include="zShellExt.rc">
      <Filter>Resource</Filter>
    </ResourceCompile>
  </ItemGroup>
</Project>