<?xml version="1.0" encoding="utf-8"?>
<Project ToolsVersion="4.0" xmlns="http://schemas.microsoft.com/developer/msbuild/2003">
  <ItemGroup>
    <Filter Include="源文件">
      <UniqueIdentifier>{948ad07c-b614-4706-b274-baf2d7d06323}</UniqueIdentifier>
    </Filter>
    <Filter Include="生成的文件">
      <UniqueIdentifier>{b768052f-494a-4bc9-9748-1eaa6e308682}</UniqueIdentifier>
      <SourceControlFiles>False</SourceControlFiles>
    </Filter>
  </ItemGroup>
  <ItemGroup>
    <ClCompile Include="dlldata.c">
      <Filter>生成的文件</Filter>
    </ClCompile>
    <ClCompile Include="zShellExt_i.c">
      <Filter>生成的文件</Filter>
    </ClCompile>
    <ClCompile Include="zShellExt_p.c">
      <Filter>生成的文件</Filter>
    </ClCompile>
  </ItemGroup>
  <ItemGroup>
    <None Include="zShellExtps.def" />
  </ItemGroup>
</Project>