<?xml version="1.0" encoding="utf-8"?>
<Project ToolsVersion="4.0" xmlns="http://schemas.microsoft.com/developer/msbuild/2003">
  <ItemGroup>
    <Filter Include="源文件">
      <UniqueIdentifier>{0de66c58-8648-4657-8579-2aa67da2d13e}</UniqueIdentifier>
    </Filter>
    <Filter Include="生成的文件">
      <UniqueIdentifier>{afec633a-2b2a-44a3-92d7-cf647b345faf}</UniqueIdentifier>
      <SourceControlFiles>False</SourceControlFiles>
    </Filter>
  </ItemGroup>
  <ItemGroup>
    <ClCompile Include="dlldata.c">
      <Filter>生成的文件</Filter>
    </ClCompile>
    <ClCompile Include="zShellExt_i.c">
      <Filter>生成的文件</Filter>
    </ClCompile>
    <ClCompile Include="zShellExt_p.c">
      <Filter>生成的文件</Filter>
    </ClCompile>
  </ItemGroup>
  <ItemGroup>
    <None Include="zShellExtps.def" />
  </ItemGroup>
</Project>